
Microsoft Visual Studio Solution File, Format Version 12.00
# Visual Studio Version 17
VisualStudioVersion = 17.1.32414.318
MinimumVisualStudioVersion = 10.0.40219.1
Project("{FAE04EC0-301F-11D3-BF4B-00C04F79EFBC}") = "HttpClientCommunicationTemplate", "HttpClientCommunicationTemplate\HttpClientCommunicationTemplate.csproj", "{5A5FFFFF-0621-4859-B89C-C9F479C3E1BE}"
EndProject
Global
	GlobalSection(SolutionConfigurationPlatforms) = preSolution
		Debug|Any CPU = Debug|Any CPU
		Release|Any CPU = Release|Any CPU
	EndGlobalSection
	GlobalSection(ProjectConfigurationPlatforms) = postSolution
		{5A5FFFFF-0621-4859-B89C-C9F479C3E1BE}.Debug|Any CPU.ActiveCfg = Debug|Any CPU
		{5A5FFFFF-0621-4859-B89C-C9F479C3E1BE}.Debug|Any CPU.Build.0 = Debug|Any CPU
		{5A5FFFFF-0621-4859-B89C-C9F479C3E1BE}.Release|Any CPU.ActiveCfg = Release|Any CPU
		{5A5FFFFF-0621-4859-B89C-C9F479C3E1BE}.Release|Any CPU.Build.0 = Release|Any CPU
	EndGlobalSection
	GlobalSection(SolutionProperties) = preSolution
		HideSolutionNode = FALSE
	EndGlobalSection
	GlobalSection(ExtensibilityGlobals) = postSolution
		SolutionGuid = {6B7FBF5D-2FFA-4237-806B-8A0F5521073A}
	EndGlobalSection
EndGlobal
